// !$*UTF8*$!
{
	archiveVersion = 1;
	classes = {
	};
	objectVersion = 46;
	objects = {

/* Begin PBXBuildFile section */
		CC54B4111E780B8500C2B83A /* main.m in Sources */ = {isa = PBXBuildFile; fileRef = CC54B4101E780B8500C2B83A /* main.m */; };
		CC54B4141E780B8500C2B83A /* AppDelegate.m in Sources */ = {isa = PBXBuildFile; fileRef = CC54B4131E780B8500C2B83A /* AppDelegate.m */; };
		CC54B4171E780B8500C2B83A /* ViewController.m in Sources */ = {isa = PBXBuildFile; fileRef = CC54B4161E780B8500C2B83A /* ViewController.m */; };
		CC54B41A1E780B8500C2B83A /* Main.storyboard in Resources */ = {isa = PBXBuildFile; fileRef = CC54B4181E780B8500C2B83A /* Main.storyboard */; };
		CC54B41C1E780B8500C2B83A /* Assets.xcassets in Resources */ = {isa = PBXBuildFile; fileRef = CC54B41B1E780B8500C2B83A /* Assets.xcassets */; };
		CC54B41F1E780B8500C2B83A /* LaunchScreen.storyboard in Resources */ = {isa = PBXBuildFile; fileRef = CC54B41D1E780B8500C2B83A /* LaunchScreen.storyboard */; };
		CC54B42A1E780B8500C2B83A /* LiuPageScrollViewTests.m in Sources */ = {isa = PBXBuildFile; fileRef = CC54B4291E780B8500C2B83A /* LiuPageScrollViewTests.m */; };
		CC54B4351E780B8500C2B83A /* LiuPageScrollViewUITests.m in Sources */ = {isa = PBXBuildFile; fileRef = CC54B4341E780B8500C2B83A /* LiuPageScrollViewUITests.m */; };
		CC54B4451E780BB900C2B83A /* LiuPageScrollView.m in Sources */ = {isa = PBXBuildFile; fileRef = CC54B4441E780BB900C2B83A /* LiuPageScrollView.m */; };
		CC54B4691E780BF700C2B83A /* MKAnnotationView+WebCache.m in Sources */ = {isa = PBXBuildFile; fileRef = CC54B4491E780BF700C2B83A /* MKAnnotationView+WebCache.m */; };
		CC54B46A1E780BF700C2B83A /* NSData+ImageContentType.m in Sources */ = {isa = PBXBuildFile; fileRef = CC54B44B1E780BF700C2B83A /* NSData+ImageContentType.m */; };
		CC54B46B1E780BF700C2B83A /* SDImageCache.m in Sources */ = {isa = PBXBuildFile; fileRef = CC54B44D1E780BF700C2B83A /* SDImageCache.m */; };
		CC54B46C1E780BF700C2B83A /* SDWebImageCompat.m in Sources */ = {isa = PBXBuildFile; fileRef = CC54B44F1E780BF700C2B83A /* SDWebImageCompat.m */; };
		CC54B46D1E780BF700C2B83A /* SDWebImageDecoder.m in Sources */ = {isa = PBXBuildFile; fileRef = CC54B4511E780BF700C2B83A /* SDWebImageDecoder.m */; };
		CC54B46E1E780BF700C2B83A /* SDWebImageDownloader.m in Sources */ = {isa = PBXBuildFile; fileRef = CC54B4531E780BF700C2B83A /* SDWebImageDownloader.m */; };
		CC54B46F1E780BF700C2B83A /* SDWebImageDownloaderOperation.m in Sources */ = {isa = PBXBuildFile; fileRef = CC54B4551E780BF700C2B83A /* SDWebImageDownloaderOperation.m */; };
		CC54B4701E780BF700C2B83A /* SDWebImageManager.m in Sources */ = {isa = PBXBuildFile; fileRef = CC54B4571E780BF700C2B83A /* SDWebImageManager.m */; };
		CC54B4711E780BF700C2B83A /* SDWebImagePrefetcher.m in Sources */ = {isa = PBXBuildFile; fileRef = CC54B45A1E780BF700C2B83A /* SDWebImagePrefetcher.m */; };
		CC54B4721E780BF700C2B83A /* UIButton+WebCache.m in Sources */ = {isa = PBXBuildFile; fileRef = CC54B45C1E780BF700C2B83A /* UIButton+WebCache.m */; };
		CC54B4731E780BF700C2B83A /* UIImage+GIF.m in Sources */ = {isa = PBXBuildFile; fileRef = CC54B45E1E780BF700C2B83A /* UIImage+GIF.m */; };
		CC54B4741E780BF700C2B83A /* UIImage+MultiFormat.m in Sources */ = {isa = PBXBuildFile; fileRef = CC54B4601E780BF700C2B83A /* UIImage+MultiFormat.m */; };
		CC54B4751E780BF700C2B83A /* UIImage+WebP.m in Sources */ = {isa = PBXBuildFile; fileRef = CC54B4621E780BF700C2B83A /* UIImage+WebP.m */; };
		CC54B4761E780BF700C2B83A /* UIImageView+HighlightedWebCache.m in Sources */ = {isa = PBXBuildFile; fileRef = CC54B4641E780BF700C2B83A /* UIImageView+HighlightedWebCache.m */; };
		CC54B4771E780BF700C2B83A /* UIImageView+WebCache.m in Sources */ = {isa = PBXBuildFile; fileRef = CC54B4661E780BF700C2B83A /* UIImageView+WebCache.m */; };
		CC54B4781E780BF700C2B83A /* UIView+WebCacheOperation.m in Sources */ = {isa = PBXBuildFile; fileRef = CC54B4681E780BF700C2B83A /* UIView+WebCacheOperation.m */; };
		CC54B47C1E780C1300C2B83A /* UIView+Extension.m in Sources */ = {isa = PBXBuildFile; fileRef = CC54B47B1E780C1300C2B83A /* UIView+Extension.m */; };
		CC54B47F1E78161200C2B83A /* WEBViewController.m in Sources */ = {isa = PBXBuildFile; fileRef = CC54B47E1E78161200C2B83A /* WEBViewController.m */; };
/* End PBXBuildFile section */

/* Begin PBXContainerItemProxy section */
		CC54B4261E780B8500C2B83A /* PBXContainerItemProxy */ = {
			isa = PBXContainerItemProxy;
			containerPortal = CC54B4041E780B8400C2B83A /* Project object */;
			proxyType = 1;
			remoteGlobalIDString = CC54B40B1E780B8400C2B83A;
			remoteInfo = LiuPageScrollView;
		};
		CC54B4311E780B8500C2B83A /* PBXContainerItemProxy */ = {
			isa = PBXContainerItemProxy;
			containerPortal = CC54B4041E780B8400C2B83A /* Project object */;
			proxyType = 1;
			remoteGlobalIDString = CC54B40B1E780B8400C2B83A;
			remoteInfo = LiuPageScrollView;
		};
/* End PBXContainerItemProxy section */

/* Begin PBXFileReference section */
		CC54B40C1E780B8400C2B83A /* LiuPageScrollView.app */ = {isa = PBXFileReference; explicitFileType = wrapper.application; includeInIndex = 0; path = LiuPageScrollView.app; sourceTree = BUILT_PRODUCTS_DIR; };
		CC54B4101E780B8500C2B83A /* main.m */ = {isa = PBXFileReference; lastKnownFileType = sourcecode.c.objc; path = main.m; sourceTree = "<group>"; };
		CC54B4121E780B8500C2B83A /* AppDelegate.h */ = {isa = PBXFileReference; lastKnownFileType = sourcecode.c.h; path = AppDelegate.h; sourceTree = "<group>"; };
		CC54B4131E780B8500C2B83A /* AppDelegate.m */ = {isa = PBXFileReference; lastKnownFileType = sourcecode.c.objc; path = AppDelegate.m; sourceTree = "<group>"; };
		CC54B4151E780B8500C2B83A /* ViewController.h */ = {isa = PBXFileReference; lastKnownFileType = sourcecode.c.h; path = ViewController.h; sourceTree = "<group>"; };
		CC54B4161E780B8500C2B83A /* ViewController.m */ = {isa = PBXFileReference; lastKnownFileType = sourcecode.c.objc; path = ViewController.m; sourceTree = "<group>"; };
		CC54B4191E780B8500C2B83A /* Base */ = {isa = PBXFileReference; lastKnownFileType = file.storyboard; name = Base; path = Base.lproj/Main.storyboard; sourceTree = "<group>"; };
		CC54B41B1E780B8500C2B83A /* Assets.xcassets */ = {isa = PBXFileReference; lastKnownFileType = folder.assetcatalog; path = Assets.xcassets; sourceTree = "<group>"; };
		CC54B41E1E780B8500C2B83A /* Base */ = {isa = PBXFileReference; lastKnownFileType = file.storyboard; name = Base; path = Base.lproj/LaunchScreen.storyboard; sourceTree = "<group>"; };
		CC54B4201E780B8500C2B83A /* Info.plist */ = {isa = PBXFileReference; lastKnownFileType = text.plist.xml; path = Info.plist; sourceTree = "<group>"; };
		CC54B4251E780B8500C2B83A /* LiuPageScrollViewTests.xctest */ = {isa = PBXFileReference; explicitFileType = wrapper.cfbundle; includeInIndex = 0; path = LiuPageScrollViewTests.xctest; sourceTree = BUILT_PRODUCTS_DIR; };
		CC54B4291E780B8500C2B83A /* LiuPageScrollViewTests.m */ = {isa = PBXFileReference; lastKnownFileType = sourcecode.c.objc; path = LiuPageScrollViewTests.m; sourceTree = "<group>"; };
		CC54B42B1E780B8500C2B83A /* Info.plist */ = {isa = PBXFileReference; lastKnownFileType = text.plist.xml; path = Info.plist; sourceTree = "<group>"; };
		CC54B4301E780B8500C2B83A /* LiuPageScrollViewUITests.xctest */ = {isa = PBXFileReference; explicitFileType = wrapper.cfbundle; includeInIndex = 0; path = LiuPageScrollViewUITests.xctest; sourceTree = BUILT_PRODUCTS_DIR; };
		CC54B4341E780B8500C2B83A /* LiuPageScrollViewUITests.m */ = {isa = PBXFileReference; lastKnownFileType = sourcecode.c.objc; path = LiuPageScrollViewUITests.m; sourceTree = "<group>"; };
		CC54B4361E780B8500C2B83A /* Info.plist */ = {isa = PBXFileReference; lastKnownFileType = text.plist.xml; path = Info.plist; sourceTree = "<group>"; };
		CC54B4431E780BB900C2B83A /* LiuPageScrollView.h */ = {isa = PBXFileReference; fileEncoding = 4; lastKnownFileType = sourcecode.c.h; path = LiuPageScrollView.h; sourceTree = "<group>"; };
		CC54B4441E780BB900C2B83A /* LiuPageScrollView.m */ = {isa = PBXFileReference; fileEncoding = 4; lastKnownFileType = sourcecode.c.objc; path = LiuPageScrollView.m; sourceTree = "<group>"; };
		CC54B4481E780BF700C2B83A /* MKAnnotationView+WebCache.h */ = {isa = PBXFileReference; fileEncoding = 4; lastKnownFileType = sourcecode.c.h; path = "MKAnnotationView+WebCache.h"; sourceTree = "<group>"; };
		CC54B4491E780BF700C2B83A /* MKAnnotationView+WebCache.m */ = {isa = PBXFileReference; fileEncoding = 4; lastKnownFileType = sourcecode.c.objc; path = "MKAnnotationView+WebCache.m"; sourceTree = "<group>"; };
		CC54B44A1E780BF700C2B83A /* NSData+ImageContentType.h */ = {isa = PBXFileReference; fileEncoding = 4; lastKnownFileType = sourcecode.c.h; path = "NSData+ImageContentType.h"; sourceTree = "<group>"; };
		CC54B44B1E780BF700C2B83A /* NSData+ImageContentType.m */ = {isa = PBXFileReference; fileEncoding = 4; lastKnownFileType = sourcecode.c.objc; path = "NSData+ImageContentType.m"; sourceTree = "<group>"; };
		CC54B44C1E780BF700C2B83A /* SDImageCache.h */ = {isa = PBXFileReference; fileEncoding = 4; lastKnownFileType = sourcecode.c.h; path = SDImageCache.h; sourceTree = "<group>"; };
		CC54B44D1E780BF700C2B83A /* SDImageCache.m */ = {isa = PBXFileReference; fileEncoding = 4; lastKnownFileType = sourcecode.c.objc; path = SDImageCache.m; sourceTree = "<group>"; };
		CC54B44E1E780BF700C2B83A /* SDWebImageCompat.h */ = {isa = PBXFileReference; fileEncoding = 4; lastKnownFileType = sourcecode.c.h; path = SDWebImageCompat.h; sourceTree = "<group>"; };
		CC54B44F1E780BF700C2B83A /* SDWebImageCompat.m */ = {isa = PBXFileReference; fileEncoding = 4; lastKnownFileType = sourcecode.c.objc; path = SDWebImageCompat.m; sourceTree = "<group>"; };
		CC54B4501E780BF700C2B83A /* SDWebImageDecoder.h */ = {isa = PBXFileReference; fileEncoding = 4; lastKnownFileType = sourcecode.c.h; path = SDWebImageDecoder.h; sourceTree = "<group>"; };
		CC54B4511E780BF700C2B83A /* SDWebImageDecoder.m */ = {isa = PBXFileReference; fileEncoding = 4; lastKnownFileType = sourcecode.c.objc; path = SDWebImageDecoder.m; sourceTree = "<group>"; };
		CC54B4521E780BF700C2B83A /* SDWebImageDownloader.h */ = {isa = PBXFileReference; fileEncoding = 4; lastKnownFileType = sourcecode.c.h; path = SDWebImageDownloader.h; sourceTree = "<group>"; };
		CC54B4531E780BF700C2B83A /* SDWebImageDownloader.m */ = {isa = PBXFileReference; fileEncoding = 4; lastKnownFileType = sourcecode.c.objc; path = SDWebImageDownloader.m; sourceTree = "<group>"; };
		CC54B4541E780BF700C2B83A /* SDWebImageDownloaderOperation.h */ = {isa = PBXFileReference; fileEncoding = 4; lastKnownFileType = sourcecode.c.h; path = SDWebImageDownloaderOperation.h; sourceTree = "<group>"; };
		CC54B4551E780BF700C2B83A /* SDWebImageDownloaderOperation.m */ = {isa = PBXFileReference; fileEncoding = 4; lastKnownFileType = sourcecode.c.objc; path = SDWebImageDownloaderOperation.m; sourceTree = "<group>"; };
		CC54B4561E780BF700C2B83A /* SDWebImageManager.h */ = {isa = PBXFileReference; fileEncoding = 4; lastKnownFileType = sourcecode.c.h; path = SDWebImageManager.h; sourceTree = "<group>"; };
		CC54B4571E780BF700C2B83A /* SDWebImageManager.m */ = {isa = PBXFileReference; fileEncoding = 4; lastKnownFileType = sourcecode.c.objc; path = SDWebImageManager.m; sourceTree = "<group>"; };
		CC54B4581E780BF700C2B83A /* SDWebImageOperation.h */ = {isa = PBXFileReference; fileEncoding = 4; lastKnownFileType = sourcecode.c.h; path = SDWebImageOperation.h; sourceTree = "<group>"; };
		CC54B4591E780BF700C2B83A /* SDWebImagePrefetcher.h */ = {isa = PBXFileReference; fileEncoding = 4; lastKnownFileType = sourcecode.c.h; path = SDWebImagePrefetcher.h; sourceTree = "<group>"; };
		CC54B45A1E780BF700C2B83A /* SDWebImagePrefetcher.m */ = {isa = PBXFileReference; fileEncoding = 4; lastKnownFileType = sourcecode.c.objc; path = SDWebImagePrefetcher.m; sourceTree = "<group>"; };
		CC54B45B1E780BF700C2B83A /* UIButton+WebCache.h */ = {isa = PBXFileReference; fileEncoding = 4; lastKnownFileType = sourcecode.c.h; path = "UIButton+WebCache.h"; sourceTree = "<group>"; };
		CC54B45C1E780BF700C2B83A /* UIButton+WebCache.m */ = {isa = PBXFileReference; fileEncoding = 4; lastKnownFileType = sourcecode.c.objc; path = "UIButton+WebCache.m"; sourceTree = "<group>"; };
		CC54B45D1E780BF700C2B83A /* UIImage+GIF.h */ = {isa = PBXFileReference; fileEncoding = 4; lastKnownFileType = sourcecode.c.h; path = "UIImage+GIF.h"; sourceTree = "<group>"; };
		CC54B45E1E780BF700C2B83A /* UIImage+GIF.m */ = {isa = PBXFileReference; fileEncoding = 4; lastKnownFileType = sourcecode.c.objc; path = "UIImage+GIF.m"; sourceTree = "<group>"; };
		CC54B45F1E780BF700C2B83A /* UIImage+MultiFormat.h */ = {isa = PBXFileReference; fileEncoding = 4; lastKnownFileType = sourcecode.c.h; path = "UIImage+MultiFormat.h"; sourceTree = "<group>"; };
		CC54B4601E780BF700C2B83A /* UIImage+MultiFormat.m */ = {isa = PBXFileReference; fileEncoding = 4; lastKnownFileType = sourcecode.c.objc; path = "UIImage+MultiFormat.m"; sourceTree = "<group>"; };
		CC54B4611E780BF700C2B83A /* UIImage+WebP.h */ = {isa = PBXFileReference; fileEncoding = 4; lastKnownFileType = sourcecode.c.h; path = "UIImage+WebP.h"; sourceTree = "<group>"; };
		CC54B4621E780BF700C2B83A /* UIImage+WebP.m */ = {isa = PBXFileReference; fileEncoding = 4; lastKnownFileType = sourcecode.c.objc; path = "UIImage+WebP.m"; sourceTree = "<group>"; };
		CC54B4631E780BF700C2B83A /* UIImageView+HighlightedWebCache.h */ = {isa = PBXFileReference; fileEncoding = 4; lastKnownFileType = sourcecode.c.h; path = "UIImageView+HighlightedWebCache.h"; sourceTree = "<group>"; };
		CC54B4641E780BF700C2B83A /* UIImageView+HighlightedWebCache.m */ = {isa = PBXFileReference; fileEncoding = 4; lastKnownFileType = sourcecode.c.objc; path = "UIImageView+HighlightedWebCache.m"; sourceTree = "<group>"; };
		CC54B4651E780BF700C2B83A /* UIImageView+WebCache.h */ = {isa = PBXFileReference; fileEncoding = 4; lastKnownFileType = sourcecode.c.h; path = "UIImageView+WebCache.h"; sourceTree = "<group>"; };
		CC54B4661E780BF700C2B83A /* UIImageView+WebCache.m */ = {isa = PBXFileReference; fileEncoding = 4; lastKnownFileType = sourcecode.c.objc; path = "UIImageView+WebCache.m"; sourceTree = "<group>"; };
		CC54B4671E780BF700C2B83A /* UIView+WebCacheOperation.h */ = {isa = PBXFileReference; fileEncoding = 4; lastKnownFileType = sourcecode.c.h; path = "UIView+WebCacheOperation.h"; sourceTree = "<group>"; };
		CC54B4681E780BF700C2B83A /* UIView+WebCacheOperation.m */ = {isa = PBXFileReference; fileEncoding = 4; lastKnownFileType = sourcecode.c.objc; path = "UIView+WebCacheOperation.m"; sourceTree = "<group>"; };
		CC54B47A1E780C1300C2B83A /* UIView+Extension.h */ = {isa = PBXFileReference; fileEncoding = 4; lastKnownFileType = sourcecode.c.h; path = "UIView+Extension.h"; sourceTree = "<group>"; };
		CC54B47B1E780C1300C2B83A /* UIView+Extension.m */ = {isa = PBXFileReference; fileEncoding = 4; lastKnownFileType = sourcecode.c.objc; path = "UIView+Extension.m"; sourceTree = "<group>"; };
		CC54B47D1E78161200C2B83A /* WEBViewController.h */ = {isa = PBXFileReference; fileEncoding = 4; lastKnownFileType = sourcecode.c.h; path = WEBViewController.h; sourceTree = "<group>"; };
		CC54B47E1E78161200C2B83A /* WEBViewController.m */ = {isa = PBXFileReference; fileEncoding = 4; lastKnownFileType = sourcecode.c.objc; path = WEBViewController.m; sourceTree = "<group>"; };
/* End PBXFileReference section */

/* Begin PBXFrameworksBuildPhase section */
		CC54B4091E780B8400C2B83A /* Frameworks */ = {
			isa = PBXFrameworksBuildPhase;
			buildActionMask = 2147483647;
			files = (
			);
			runOnlyForDeploymentPostprocessing = 0;
		};
		CC54B4221E780B8500C2B83A /* Frameworks */ = {
			isa = PBXFrameworksBuildPhase;
			buildActionMask = 2147483647;
			files = (
			);
			runOnlyForDeploymentPostprocessing = 0;
		};
		CC54B42D1E780B8500C2B83A /* Frameworks */ = {
			isa = PBXFrameworksBuildPhase;
			buildActionMask = 2147483647;
			files = (
			);
			runOnlyForDeploymentPostprocessing = 0;
		};
/* End PBXFrameworksBuildPhase section */

/* Begin PBXGroup section */
		CC54B4031E780B8400C2B83A = {
			isa = PBXGroup;
			children = (
				CC54B40E1E780B8400C2B83A /* LiuPageScrollView */,
				CC54B4281E780B8500C2B83A /* LiuPageScrollViewTests */,
				CC54B4331E780B8500C2B83A /* LiuPageScrollViewUITests */,
				CC54B40D1E780B8400C2B83A /* Products */,
			);
			sourceTree = "<group>";
		};
		CC54B40D1E780B8400C2B83A /* Products */ = {
			isa = PBXGroup;
			children = (
				CC54B40C1E780B8400C2B83A /* LiuPageScrollView.app */,
				CC54B4251E780B8500C2B83A /* LiuPageScrollViewTests.xctest */,
				CC54B4301E780B8500C2B83A /* LiuPageScrollViewUITests.xctest */,
			);
			name = Products;
			sourceTree = "<group>";
		};
		CC54B40E1E780B8400C2B83A /* LiuPageScrollView */ = {
			isa = PBXGroup;
			children = (
				CC54B4461E780BC200C2B83A /* 3th */,
				CC54B4421E780BB900C2B83A /* 轮播图 */,
				CC54B4121E780B8500C2B83A /* AppDelegate.h */,
				CC54B4131E780B8500C2B83A /* AppDelegate.m */,
				CC54B4151E780B8500C2B83A /* ViewController.h */,
				CC54B4161E780B8500C2B83A /* ViewController.m */,
				CC54B47D1E78161200C2B83A /* WEBViewController.h */,
				CC54B47E1E78161200C2B83A /* WEBViewController.m */,
				CC54B4181E780B8500C2B83A /* Main.storyboard */,
				CC54B41B1E780B8500C2B83A /* Assets.xcassets */,
				CC54B41D1E780B8500C2B83A /* LaunchScreen.storyboard */,
				CC54B4201E780B8500C2B83A /* Info.plist */,
				CC54B40F1E780B8500C2B83A /* Supporting Files */,
			);
			path = LiuPageScrollView;
			sourceTree = "<group>";
		};
		CC54B40F1E780B8500C2B83A /* Supporting Files */ = {
			isa = PBXGroup;
			children = (
				CC54B4101E780B8500C2B83A /* main.m */,
			);
			name = "Supporting Files";
			sourceTree = "<group>";
		};
		CC54B4281E780B8500C2B83A /* LiuPageScrollViewTests */ = {
			isa = PBXGroup;
			children = (
				CC54B4291E780B8500C2B83A /* LiuPageScrollViewTests.m */,
				CC54B42B1E780B8500C2B83A /* Info.plist */,
			);
			path = LiuPageScrollViewTests;
			sourceTree = "<group>";
		};
		CC54B4331E780B8500C2B83A /* LiuPageScrollViewUITests */ = {
			isa = PBXGroup;
			children = (
				CC54B4341E780B8500C2B83A /* LiuPageScrollViewUITests.m */,
				CC54B4361E780B8500C2B83A /* Info.plist */,
			);
			path = LiuPageScrollViewUITests;
			sourceTree = "<group>";
		};
		CC54B4421E780BB900C2B83A /* 轮播图 */ = {
			isa = PBXGroup;
			children = (
				CC54B4431E780BB900C2B83A /* LiuPageScrollView.h */,
				CC54B4441E780BB900C2B83A /* LiuPageScrollView.m */,
			);
			path = "轮播图";
			sourceTree = "<group>";
		};
		CC54B4461E780BC200C2B83A /* 3th */ = {
			isa = PBXGroup;
			children = (
				CC54B4791E780C1300C2B83A /* UIView+Extension */,
				CC54B4471E780BF700C2B83A /* SDWebImage */,
			);
			name = 3th;
			sourceTree = "<group>";
		};
		CC54B4471E780BF700C2B83A /* SDWebImage */ = {
			isa = PBXGroup;
			children = (
				CC54B4481E780BF700C2B83A /* MKAnnotationView+WebCache.h */,
				CC54B4491E780BF700C2B83A /* MKAnnotationView+WebCache.m */,
				CC54B44A1E780BF700C2B83A /* NSData+ImageContentType.h */,
				CC54B44B1E780BF700C2B83A /* NSData+ImageContentType.m */,
				CC54B44C1E780BF700C2B83A /* SDImageCache.h */,
				CC54B44D1E780BF700C2B83A /* SDImageCache.m */,
				CC54B44E1E780BF700C2B83A /* SDWebImageCompat.h */,
				CC54B44F1E780BF700C2B83A /* SDWebImageCompat.m */,
				CC54B4501E780BF700C2B83A /* SDWebImageDecoder.h */,
				CC54B4511E780BF700C2B83A /* SDWebImageDecoder.m */,
				CC54B4521E780BF700C2B83A /* SDWebImageDownloader.h */,
				CC54B4531E780BF700C2B83A /* SDWebImageDownloader.m */,
				CC54B4541E780BF700C2B83A /* SDWebImageDownloaderOperation.h */,
				CC54B4551E780BF700C2B83A /* SDWebImageDownloaderOperation.m */,
				CC54B4561E780BF700C2B83A /* SDWebImageManager.h */,
				CC54B4571E780BF700C2B83A /* SDWebImageManager.m */,
				CC54B4581E780BF700C2B83A /* SDWebImageOperation.h */,
				CC54B4591E780BF700C2B83A /* SDWebImagePrefetcher.h */,
				CC54B45A1E780BF700C2B83A /* SDWebImagePrefetcher.m */,
				CC54B45B1E780BF700C2B83A /* UIButton+WebCache.h */,
				CC54B45C1E780BF700C2B83A /* UIButton+WebCache.m */,
				CC54B45D1E780BF700C2B83A /* UIImage+GIF.h */,
				CC54B45E1E780BF700C2B83A /* UIImage+GIF.m */,
				CC54B45F1E780BF700C2B83A /* UIImage+MultiFormat.h */,
				CC54B4601E780BF700C2B83A /* UIImage+MultiFormat.m */,
				CC54B4611E780BF700C2B83A /* UIImage+WebP.h */,
				CC54B4621E780BF700C2B83A /* UIImage+WebP.m */,
				CC54B4631E780BF700C2B83A /* UIImageView+HighlightedWebCache.h */,
				CC54B4641E780BF700C2B83A /* UIImageView+HighlightedWebCache.m */,
				CC54B4651E780BF700C2B83A /* UIImageView+WebCache.h */,
				CC54B4661E780BF700C2B83A /* UIImageView+WebCache.m */,
				CC54B4671E780BF700C2B83A /* UIView+WebCacheOperation.h */,
				CC54B4681E780BF700C2B83A /* UIView+WebCacheOperation.m */,
			);
			path = SDWebImage;
			sourceTree = "<group>";
		};
		CC54B4791E780C1300C2B83A /* UIView+Extension */ = {
			isa = PBXGroup;
			children = (
				CC54B47A1E780C1300C2B83A /* UIView+Extension.h */,
				CC54B47B1E780C1300C2B83A /* UIView+Extension.m */,
			);
			name = "UIView+Extension";
			path = "SDWebImage/UIView+Extension";
			sourceTree = "<group>";
		};
/* End PBXGroup section */

/* Begin PBXNativeTarget section */
		CC54B40B1E780B8400C2B83A /* LiuPageScrollView */ = {
			isa = PBXNativeTarget;
			buildConfigurationList = CC54B4391E780B8500C2B83A /* Build configuration list for PBXNativeTarget "LiuPageScrollView" */;
			buildPhases = (
				CC54B4081E780B8400C2B83A /* Sources */,
				CC54B4091E780B8400C2B83A /* Frameworks */,
				CC54B40A1E780B8400C2B83A /* Resources */,
			);
			buildRules = (
			);
			dependencies = (
			);
			name = LiuPageScrollView;
			productName = LiuPageScrollView;
			productReference = CC54B40C1E780B8400C2B83A /* LiuPageScrollView.app */;
			productType = "com.apple.product-type.application";
		};
		CC54B4241E780B8500C2B83A /* LiuPageScrollViewTests */ = {
			isa = PBXNativeTarget;
			buildConfigurationList = CC54B43C1E780B8500C2B83A /* Build configuration list for PBXNativeTarget "LiuPageScrollViewTests" */;
			buildPhases = (
				CC54B4211E780B8500C2B83A /* Sources */,
				CC54B4221E780B8500C2B83A /* Frameworks */,
				CC54B4231E780B8500C2B83A /* Resources */,
			);
			buildRules = (
			);
			dependencies = (
				CC54B4271E780B8500C2B83A /* PBXTargetDependency */,
			);
			name = LiuPageScrollViewTests;
			productName = LiuPageScrollViewTests;
			productReference = CC54B4251E780B8500C2B83A /* LiuPageScrollViewTests.xctest */;
			productType = "com.apple.product-type.bundle.unit-test";
		};
		CC54B42F1E780B8500C2B83A /* LiuPageScrollViewUITests */ = {
			isa = PBXNativeTarget;
			buildConfigurationList = CC54B43F1E780B8500C2B83A /* Build configuration list for PBXNativeTarget "LiuPageScrollViewUITests" */;
			buildPhases = (
				CC54B42C1E780B8500C2B83A /* Sources */,
				CC54B42D1E780B8500C2B83A /* Frameworks */,
				CC54B42E1E780B8500C2B83A /* Resources */,
			);
			buildRules = (
			);
			dependencies = (
				CC54B4321E780B8500C2B83A /* PBXTargetDependency */,
			);
			name = LiuPageScrollViewUITests;
			productName = LiuPageScrollViewUITests;
			productReference = CC54B4301E780B8500C2B83A /* LiuPageScrollViewUITests.xctest */;
			productType = "com.apple.product-type.bundle.ui-testing";
		};
/* End PBXNativeTarget section */

/* Begin PBXProject section */
		CC54B4041E780B8400C2B83A /* Project object */ = {
			isa = PBXProject;
			attributes = {
				LastUpgradeCheck = 0720;
				ORGANIZATIONNAME = apple;
				TargetAttributes = {
					CC54B40B1E780B8400C2B83A = {
						CreatedOnToolsVersion = 7.2;
					};
					CC54B4241E780B8500C2B83A = {
						CreatedOnToolsVersion = 7.2;
						TestTargetID = CC54B40B1E780B8400C2B83A;
					};
					CC54B42F1E780B8500C2B83A = {
						CreatedOnToolsVersion = 7.2;
						TestTargetID = CC54B40B1E780B8400C2B83A;
					};
				};
			};
			buildConfigurationList = CC54B4071E780B8400C2B83A /* Build configuration list for PBXProject "LiuPageScrollView" */;
			compatibilityVersion = "Xcode 3.2";
			developmentRegion = English;
			hasScannedForEncodings = 0;
			knownRegions = (
				en,
				Base,
			);
			mainGroup = CC54B4031E780B8400C2B83A;
			productRefGroup = CC54B40D1E780B8400C2B83A /* Products */;
			projectDirPath = "";
			projectRoot = "";
			targets = (
				CC54B40B1E780B8400C2B83A /* LiuPageScrollView */,
				CC54B4241E780B8500C2B83A /* LiuPageScrollViewTests */,
				CC54B42F1E780B8500C2B83A /* LiuPageScrollViewUITests */,
			);
		};
/* End PBXProject section */

/* Begin PBXResourcesBuildPhase section */
		CC54B40A1E780B8400C2B83A /* Resources */ = {
			isa = PBXResourcesBuildPhase;
			buildActionMask = 2147483647;
			files = (
				CC54B41F1E780B8500C2B83A /* LaunchScreen.storyboard in Resources */,
				CC54B41C1E780B8500C2B83A /* Assets.xcassets in Resources */,
				CC54B41A1E780B8500C2B83A /* Main.storyboard in Resources */,
			);
			runOnlyForDeploymentPostprocessing = 0;
		};
		CC54B4231E780B8500C2B83A /* Resources */ = {
			isa = PBXResourcesBuildPhase;
			buildActionMask = 2147483647;
			files = (
			);
			runOnlyForDeploymentPostprocessing = 0;
		};
		CC54B42E1E780B8500C2B83A /* Resources */ = {
			isa = PBXResourcesBuildPhase;
			buildActionMask = 2147483647;
			files = (
			);
			runOnlyForDeploymentPostprocessing = 0;
		};
/* End PBXResourcesBuildPhase section */

/* Begin PBXSourcesBuildPhase section */
		CC54B4081E780B8400C2B83A /* Sources */ = {
			isa = PBXSourcesBuildPhase;
			buildActionMask = 2147483647;
			files = (
				CC54B4761E780BF700C2B83A /* UIImageView+HighlightedWebCache.m in Sources */,
				CC54B4741E780BF700C2B83A /* UIImage+MultiFormat.m in Sources */,
				CC54B46F1E780BF700C2B83A /* SDWebImageDownloaderOperation.m in Sources */,
				CC54B47C1E780C1300C2B83A /* UIView+Extension.m in Sources */,
				CC54B4171E780B8500C2B83A /* ViewController.m in Sources */,
				CC54B47F1E78161200C2B83A /* WEBViewController.m in Sources */,
				CC54B46C1E780BF700C2B83A /* SDWebImageCompat.m in Sources */,
				CC54B4731E780BF700C2B83A /* UIImage+GIF.m in Sources */,
				CC54B4711E780BF700C2B83A /* SDWebImagePrefetcher.m in Sources */,
				CC54B4141E780B8500C2B83A /* AppDelegate.m in Sources */,
				CC54B4111E780B8500C2B83A /* main.m in Sources */,
				CC54B4751E780BF700C2B83A /* UIImage+WebP.m in Sources */,
				CC54B4771E780BF700C2B83A /* UIImageView+WebCache.m in Sources */,
				CC54B46E1E780BF700C2B83A /* SDWebImageDownloader.m in Sources */,
				CC54B4781E780BF700C2B83A /* UIView+WebCacheOperation.m in Sources */,
				CC54B4721E780BF700C2B83A /* UIButton+WebCache.m in Sources */,
				CC54B4691E780BF700C2B83A /* MKAnnotationView+WebCache.m in Sources */,
				CC54B46A1E780BF700C2B83A /* NSData+ImageContentType.m in Sources */,
				CC54B4451E780BB900C2B83A /* LiuPageScrollView.m in Sources */,
				CC54B4701E780BF700C2B83A /* SDWebImageManager.m in Sources */,
				CC54B46D1E780BF700C2B83A /* SDWebImageDecoder.m in Sources */,
				CC54B46B1E780BF700C2B83A /* SDImageCache.m in Sources */,
			);
			runOnlyForDeploymentPostprocessing = 0;
		};
		CC54B4211E780B8500C2B83A /* Sources */ = {
			isa = PBXSourcesBuildPhase;
			buildActionMask = 2147483647;
			files = (
				CC54B42A1E780B8500C2B83A /* LiuPageScrollViewTests.m in Sources */,
			);
			runOnlyForDeploymentPostprocessing = 0;
		};
		CC54B42C1E780B8500C2B83A /* Sources */ = {
			isa = PBXSourcesBuildPhase;
			buildActionMask = 2147483647;
			files = (
				CC54B4351E780B8500C2B83A /* LiuPageScrollViewUITests.m in Sources */,
			);
			runOnlyForDeploymentPostprocessing = 0;
		};
/* End PBXSourcesBuildPhase section */

/* Begin PBXTargetDependency section */
		CC54B4271E780B8500C2B83A /* PBXTargetDependency */ = {
			isa = PBXTargetDependency;
			target = CC54B40B1E780B8400C2B83A /* LiuPageScrollView */;
			targetProxy = CC54B4261E780B8500C2B83A /* PBXContainerItemProxy */;
		};
		CC54B4321E780B8500C2B83A /* PBXTargetDependency */ = {
			isa = PBXTargetDependency;
			target = CC54B40B1E780B8400C2B83A /* LiuPageScrollView */;
			targetProxy = CC54B4311E780B8500C2B83A /* PBXContainerItemProxy */;
		};
/* End PBXTargetDependency section */

/* Begin PBXVariantGroup section */
		CC54B4181E780B8500C2B83A /* Main.storyboard */ = {
			isa = PBXVariantGroup;
			children = (
				CC54B4191E780B8500C2B83A /* Base */,
			);
			name = Main.storyboard;
			sourceTree = "<group>";
		};
		CC54B41D1E780B8500C2B83A /* LaunchScreen.storyboard */ = {
			isa = PBXVariantGroup;
			children = (
				CC54B41E1E780B8500C2B83A /* Base */,
			);
			name = LaunchScreen.storyboard;
			sourceTree = "<group>";
		};
/* End PBXVariantGroup section */

/* Begin XCBuildConfiguration section */
		CC54B4371E780B8500C2B83A /* Debug */ = {
			isa = XCBuildConfiguration;
			buildSettings = {
				ALWAYS_SEARCH_USER_PATHS = NO;
				CLANG_CXX_LANGUAGE_STANDARD = "gnu++0x";
				CLANG_CXX_LIBRARY = "libc++";
				CLANG_ENABLE_MODULES = YES;
				CLANG_ENABLE_OBJC_ARC = YES;
				CLANG_WARN_BOOL_CONVERSION = YES;
				CLANG_WARN_CONSTANT_CONVERSION = YES;
				CLANG_WARN_DIRECT_OBJC_ISA_USAGE = YES_ERROR;
				CLANG_WARN_EMPTY_BODY = YES;
				CLANG_WARN_ENUM_CONVERSION = YES;
				CLANG_WARN_INT_CONVERSION = YES;
				CLANG_WARN_OBJC_ROOT_CLASS = YES_ERROR;
				CLANG_WARN_UNREACHABLE_CODE = YES;
				CLANG_WARN__DUPLICATE_METHOD_MATCH = YES;
				"CODE_SIGN_IDENTITY[sdk=iphoneos*]" = "iPhone Developer";
				COPY_PHASE_STRIP = NO;
				DEBUG_INFORMATION_FORMAT = dwarf;
				ENABLE_STRICT_OBJC_MSGSEND = YES;
				ENABLE_TESTABILITY = YES;
				GCC_C_LANGUAGE_STANDARD = gnu99;
				GCC_DYNAMIC_NO_PIC = NO;
				GCC_NO_COMMON_BLOCKS = YES;
				GCC_OPTIMIZATION_LEVEL = 0;
				GCC_PREPROCESSOR_DEFINITIONS = (
					"DEBUG=1",
					"$(inherited)",
				);
				GCC_WARN_64_TO_32_BIT_CONVERSION = YES;
				GCC_WARN_ABOUT_RETURN_TYPE = YES_ERROR;
				GCC_WARN_UNDECLARED_SELECTOR = YES;
				GCC_WARN_UNINITIALIZED_AUTOS = YES_AGGRESSIVE;
				GCC_WARN_UNUSED_FUNCTION = YES;
				GCC_WARN_UNUSED_VARIABLE = YES;
				IPHONEOS_DEPLOYMENT_TARGET = 9.2;
				MTL_ENABLE_DEBUG_INFO = YES;
				ONLY_ACTIVE_ARCH = YES;
				SDKROOT = iphoneos;
			};
			name = Debug;
		};
		CC54B4381E780B8500C2B83A /* Release */ = {
			isa = XCBuildConfiguration;
			buildSettings = {
				ALWAYS_SEARCH_USER_PATHS = NO;
				CLANG_CXX_LANGUAGE_STANDARD = "gnu++0x";
				CLANG_CXX_LIBRARY = "libc++";
				CLANG_ENABLE_MODULES = YES;
				CLANG_ENABLE_OBJC_ARC = YES;
				CLANG_WARN_BOOL_CONVERSION = YES;
				CLANG_WARN_CONSTANT_CONVERSION = YES;
				CLANG_WARN_DIRECT_OBJC_ISA_USAGE = YES_ERROR;
				CLANG_WARN_EMPTY_BODY = YES;
				CLANG_WARN_ENUM_CONVERSION = YES;
				CLANG_WARN_INT_CONVERSION = YES;
				CLANG_WARN_OBJC_ROOT_CLASS = YES_ERROR;
				CLANG_WARN_UNREACHABLE_CODE = YES;
				CLANG_WARN__DUPLICATE_METHOD_MATCH = YES;
				"CODE_SIGN_IDENTITY[sdk=iphoneos*]" = "iPhone Developer";
				COPY_PHASE_STRIP = NO;
				DEBUG_INFORMATION_FORMAT = "dwarf-with-dsym";
				ENABLE_NS_ASSERTIONS = NO;
				ENABLE_STRICT_OBJC_MSGSEND = YES;
				GCC_C_LANGUAGE_STANDARD = gnu99;
				GCC_NO_COMMON_BLOCKS = YES;
				GCC_WARN_64_TO_32_BIT_CONVERSION = YES;
				GCC_WARN_ABOUT_RETURN_TYPE = YES_ERROR;
				GCC_WARN_UNDECLARED_SELECTOR = YES;
				GCC_WARN_UNINITIALIZED_AUTOS = YES_AGGRESSIVE;
				GCC_WARN_UNUSED_FUNCTION = YES;
				GCC_WARN_UNUSED_VARIABLE = YES;
				IPHONEOS_DEPLOYMENT_TARGET = 9.2;
				MTL_ENABLE_DEBUG_INFO = NO;
				SDKROOT = iphoneos;
				VALIDATE_PRODUCT = YES;
			};
			name = Release;
		};
		CC54B43A1E780B8500C2B83A /* Debug */ = {
			isa = XCBuildConfiguration;
			buildSettings = {
				ASSETCATALOG_COMPILER_APPICON_NAME = AppIcon;
				INFOPLIST_FILE = LiuPageScrollView/Info.plist;
				LD_RUNPATH_SEARCH_PATHS = "$(inherited) @executable_path/Frameworks";
				PRODUCT_BUNDLE_IDENTIFIER = com.apple.LiuPageScrollView;
				PRODUCT_NAME = "$(TARGET_NAME)";
			};
			name = Debug;
		};
		CC54B43B1E780B8500C2B83A /* Release */ = {
			isa = XCBuildConfiguration;
			buildSettings = {
				ASSETCATALOG_COMPILER_APPICON_NAME = AppIcon;
				INFOPLIST_FILE = LiuPageScrollView/Info.plist;
				LD_RUNPATH_SEARCH_PATHS = "$(inherited) @executable_path/Frameworks";
				PRODUCT_BUNDLE_IDENTIFIER = com.apple.LiuPageScrollView;
				PRODUCT_NAME = "$(TARGET_NAME)";
			};
			name = Release;
		};
		CC54B43D1E780B8500C2B83A /* Debug */ = {
			isa = XCBuildConfiguration;
			buildSettings = {
				BUNDLE_LOADER = "$(TEST_HOST)";
				INFOPLIST_FILE = LiuPageScrollViewTests/Info.plist;
				LD_RUNPATH_SEARCH_PATHS = "$(inherited) @executable_path/Frameworks @loader_path/Frameworks";
				PRODUCT_BUNDLE_IDENTIFIER = com.apple.LiuPageScrollViewTests;
				PRODUCT_NAME = "$(TARGET_NAME)";
				TEST_HOST = "$(BUILT_PRODUCTS_DIR)/LiuPageScrollView.app/LiuPageScrollView";
			};
			name = Debug;
		};
		CC54B43E1E780B8500C2B83A /* Release */ = {
			isa = XCBuildConfiguration;
			buildSettings = {
				BUNDLE_LOADER = "$(TEST_HOST)";
				INFOPLIST_FILE = LiuPageScrollViewTests/Info.plist;
				LD_RUNPATH_SEARCH_PATHS = "$(inherited) @executable_path/Frameworks @loader_path/Frameworks";
				PRODUCT_BUNDLE_IDENTIFIER = com.apple.LiuPageScrollViewTests;
				PRODUCT_NAME = "$(TARGET_NAME)";
				TEST_HOST = "$(BUILT_PRODUCTS_DIR)/LiuPageScrollView.app/LiuPageScrollView";
			};
			name = Release;
		};
		CC54B4401E780B8500C2B83A /* Debug */ = {
			isa = XCBuildConfiguration;
			buildSettings = {
				INFOPLIST_FILE = LiuPageScrollViewUITests/Info.plist;
				LD_RUNPATH_SEARCH_PATHS = "$(inherited) @executable_path/Frameworks @loader_path/Frameworks";
				PRODUCT_BUNDLE_IDENTIFIER = com.apple.LiuPageScrollViewUITests;
				PRODUCT_NAME = "$(TARGET_NAME)";
				TEST_TARGET_NAME = LiuPageScrollView;
				USES_XCTRUNNER = YES;
			};
			name = Debug;
		};
		CC54B4411E780B8500C2B83A /* Release */ = {
			isa = XCBuildConfiguration;
			buildSettings = {
				INFOPLIST_FILE = LiuPageScrollViewUITests/Info.plist;
				LD_RUNPATH_SEARCH_PATHS = "$(inherited) @executable_path/Frameworks @loader_path/Frameworks";
				PRODUCT_BUNDLE_IDENTIFIER = com.apple.LiuPageScrollViewUITests;
				PRODUCT_NAME = "$(TARGET_NAME)";
				TEST_TARGET_NAME = LiuPageScrollView;
				USES_XCTRUNNER = YES;
			};
			name = Release;
		};
/* End XCBuildConfiguration section */

/* Begin XCConfigurationList section */
		CC54B4071E780B8400C2B83A /* Build configuration list for PBXProject "LiuPageScrollView" */ = {
			isa = XCConfigurationList;
			buildConfigurations = (
				CC54B4371E780B8500C2B83A /* Debug */,
				CC54B4381E780B8500C2B83A /* Release */,
			);
			defaultConfigurationIsVisible = 0;
			defaultConfigurationName = Release;
		};
		CC54B4391E780B8500C2B83A /* Build configuration list for PBXNativeTarget "LiuPageScrollView" */ = {
			isa = XCConfigurationList;
			buildConfigurations = (
				CC54B43A1E780B8500C2B83A /* Debug */,
				CC54B43B1E780B8500C2B83A /* Release */,
			);
			defaultConfigurationIsVisible = 0;
		};
		CC54B43C1E780B8500C2B83A /* Build configuration list for PBXNativeTarget "LiuPageScrollViewTests" */ = {
			isa = XCConfigurationList;
			buildConfigurations = (
				CC54B43D1E780B8500C2B83A /* Debug */,
				CC54B43E1E780B8500C2B83A /* Release */,
			);
			defaultConfigurationIsVisible = 0;
		};
		CC54B43F1E780B8500C2B83A /* Build configuration list for PBXNativeTarget "LiuPageScrollViewUITests" */ = {
			isa = XCConfigurationList;
			buildConfigurations = (
				CC54B4401E780B8500C2B83A /* Debug */,
				CC54B4411E780B8500C2B83A /* Release */,
			);
			defaultConfigurationIsVisible = 0;
		};
/* End XCConfigurationList section */
	};
	rootObject = CC54B4041E780B8400C2B83A /* Project object */;
}
